
Microsoft Visual Studio Solution File, Format Version 12.00
# Visual Studio Version 17
VisualStudioVersion = 17.9.34902.65
MinimumVisualStudioVersion = 10.0.40219.1
Project("{FAE04EC0-301F-11D3-BF4B-00C04F79EFBC}") = "Exam_Tickets_Lorensius Bernard Gani", "Exam_Tickets_Lorensius Bernard Gani\Exam_Tickets_Lorensius Bernard Gani.csproj", "{88872436-5243-4955-BE9A-A3F98560B075}"
EndProject
Project("{FAE04EC0-301F-11D3-BF4B-00C04F79EFBC}") = "Exam.Entities", "Exam.Entities\Exam.Entities.csproj", "{B7C64274-FC24-4ED3-B880-EBF405AAE623}"
EndProject
Global
	GlobalSection(SolutionConfigurationPlatforms) = preSolution
		Debug|Any CPU = Debug|Any CPU
		Release|Any CPU = Release|Any CPU
	EndGlobalSection
	GlobalSection(ProjectConfigurationPlatforms) = postSolution
		{88872436-5243-4955-BE9A-A3F98560B075}.Debug|Any CPU.ActiveCfg = Debug|Any CPU
		{88872436-5243-4955-BE9A-A3F98560B075}.Debug|Any CPU.Build.0 = Debug|Any CPU
		{88872436-5243-4955-BE9A-A3F98560B075}.Release|Any CPU.ActiveCfg = Release|Any CPU
		{88872436-5243-4955-BE9A-A3F98560B075}.Release|Any CPU.Build.0 = Release|Any CPU
		{B7C64274-FC24-4ED3-B880-EBF405AAE623}.Debug|Any CPU.ActiveCfg = Debug|Any CPU
		{B7C64274-FC24-4ED3-B880-EBF405AAE623}.Debug|Any CPU.Build.0 = Debug|Any CPU
		{B7C64274-FC24-4ED3-B880-EBF405AAE623}.Release|Any CPU.ActiveCfg = Release|Any CPU
		{B7C64274-FC24-4ED3-B880-EBF405AAE623}.Release|Any CPU.Build.0 = Release|Any CPU
	EndGlobalSection
	GlobalSection(SolutionProperties) = preSolution
		HideSolutionNode = FALSE
	EndGlobalSection
	GlobalSection(ExtensibilityGlobals) = postSolution
		SolutionGuid = {36CAE93F-8101-46BC-A04C-7B8D9E895BD5}
	EndGlobalSection
EndGlobal
